
Microsoft Visual Studio Solution File, Format Version 10.00
# Visual C# Express 2008
Project("{FAE04EC0-301F-11D3-BF4B-00C04F79EFBC}") = "BrowserlessDFOgui-2008", "BrowserlessDFOgui-2008\BrowserlessDFOgui-2008.csproj", "{57AA5B17-E020-46CE-944D-5B154032571E}"
EndProject
Project("{FAE04EC0-301F-11D3-BF4B-00C04F79EFBC}") = "DfoLogin-2008", "DfoLogin\DfoLogin-2008.csproj", "{E4D06429-E4DF-486B-96F3-8279D1FAC78D}"
EndProject
Global
	GlobalSection(SolutionConfigurationPlatforms) = preSolution
		Debug|Any CPU = Debug|Any CPU
		Release|Any CPU = Release|Any CPU
	EndGlobalSection
	GlobalSection(ProjectConfigurationPlatforms) = postSolution
		{57AA5B17-E020-46CE-944D-5B154032571E}.Debug|Any CPU.ActiveCfg = Debug|Any CPU
		{57AA5B17-E020-46CE-944D-5B154032571E}.Debug|Any CPU.Build.0 = Debug|Any CPU
		{57AA5B17-E020-46CE-944D-5B154032571E}.Release|Any CPU.ActiveCfg = Release|Any CPU
		{57AA5B17-E020-46CE-944D-5B154032571E}.Release|Any CPU.Build.0 = Release|Any CPU
		{E4D06429-E4DF-486B-96F3-8279D1FAC78D}.Debug|Any CPU.ActiveCfg = Debug|Any CPU
		{E4D06429-E4DF-486B-96F3-8279D1FAC78D}.Debug|Any CPU.Build.0 = Debug|Any CPU
		{E4D06429-E4DF-486B-96F3-8279D1FAC78D}.Release|Any CPU.ActiveCfg = Release|Any CPU
		{E4D06429-E4DF-486B-96F3-8279D1FAC78D}.Release|Any CPU.Build.0 = Release|Any CPU
	EndGlobalSection
	GlobalSection(SolutionProperties) = preSolution
		HideSolutionNode = FALSE
	EndGlobalSection
EndGlobal
